
Microsoft Visual Studio Solution File, Format Version 12.00
# Visual Studio 15
VisualStudioVersion = 15.0.28307.271
MinimumVisualStudioVersion = 10.0.40219.1
Project("{8BC9CEB8-8B4A-11D0-8D11-00A0C91BC942}") = "BombSweeper", "BombSweeper\BombSweeper.vcxproj", "{5E1F8014-89EE-433A-8784-256A5A579493}"
EndProject
Global
	GlobalSection(SolutionConfigurationPlatforms) = preSolution
		Debug|x64 = Debug|x64
		Debug|x86 = Debug|x86
		Release|x64 = Release|x64
		Release|x86 = Release|x86
	EndGlobalSection
	GlobalSection(ProjectConfigurationPlatforms) = postSolution
		{5E1F8014-89EE-433A-8784-256A5A579493}.Debug|x64.ActiveCfg = Debug|x64
		{5E1F8014-89EE-433A-8784-256A5A579493}.Debug|x64.Build.0 = Debug|x64
		{5E1F8014-89EE-433A-8784-256A5A579493}.Debug|x86.ActiveCfg = Debug|Win32
		{5E1F8014-89EE-433A-8784-256A5A579493}.Debug|x86.Build.0 = Debug|Win32
		{5E1F8014-89EE-433A-8784-256A5A579493}.Release|x64.ActiveCfg = Release|x64
		{5E1F8014-89EE-433A-8784-256A5A579493}.Release|x64.Build.0 = Release|x64
		{5E1F8014-89EE-433A-8784-256A5A579493}.Release|x86.ActiveCfg = Release|Win32
		{5E1F8014-89EE-433A-8784-256A5A579493}.Release|x86.Build.0 = Release|Win32
	EndGlobalSection
	GlobalSection(SolutionProperties) = preSolution
		HideSolutionNode = FALSE
	EndGlobalSection
	GlobalSection(ExtensibilityGlobals) = postSolution
		SolutionGuid = {DEB8C2E0-743B-4E39-A724-31F0125BF278}
	EndGlobalSection
EndGlobal
